
Microsoft Visual Studio Solution File, Format Version 12.00
# Visual Studio Version 17
VisualStudioVersion = 17.10.35027.167
MinimumVisualStudioVersion = 10.0.40219.1
Project("{FAE04EC0-301F-11D3-BF4B-00C04F79EFBC}") = "IT_WorkPlant", "IT_WorkPlant.csproj", "{31A45D12-C854-4C53-A082-FD134D86B110}"
EndProject
Global
	GlobalSection(SolutionConfigurationPlatforms) = preSolution
		Debug|Any CPU = Debug|Any CPU
		Release|Any CPU = Release|Any CPU
	EndGlobalSection
	GlobalSection(ProjectConfigurationPlatforms) = postSolution
		{31A45D12-C854-4C53-A082-FD134D86B110}.Debug|Any CPU.ActiveCfg = Debug|Any CPU
		{31A45D12-C854-4C53-A082-FD134D86B110}.Debug|Any CPU.Build.0 = Debug|Any CPU
		{31A45D12-C854-4C53-A082-FD134D86B110}.Release|Any CPU.ActiveCfg = Release|Any CPU
		{31A45D12-C854-4C53-A082-FD134D86B110}.Release|Any CPU.Build.0 = Release|Any CPU
	EndGlobalSection
	GlobalSection(SolutionProperties) = preSolution
		HideSolutionNode = FALSE
	EndGlobalSection
	GlobalSection(ExtensibilityGlobals) = postSolution
		SolutionGuid = {C51D705A-D24D-4407-9886-F843C1CCA571}
	EndGlobalSection
EndGlobal
